
Microsoft Visual Studio Solution File, Format Version 12.00
Project("{FAE04EC0-301F-11D3-BF4B-00C04F79EFBC}") = "Emerald.Runtime", "Emerald.Runtime\Emerald.Runtime.csproj", "{C85C9FE7-99A4-495B-A6BD-D7E7EBF45307}"
EndProject
Project("{FAE04EC0-301F-11D3-BF4B-00C04F79EFBC}") = "Emerald.Builtins", "Emerald.Builtins\Emerald.Builtins.csproj", "{9DB03027-9D55-4894-910A-94103C639616}"
EndProject
Project("{FAE04EC0-301F-11D3-BF4B-00C04F79EFBC}") = "Emerald.Addon", "Emerald.Addon\Emerald.Addon.csproj", "{F3C07B7A-58EA-47A5-9FE4-D548A9F07C4F}"
EndProject
Global
	GlobalSection(SolutionConfigurationPlatforms) = preSolution
		Debug|Any CPU = Debug|Any CPU
		Release|Any CPU = Release|Any CPU
	EndGlobalSection
	GlobalSection(ProjectConfigurationPlatforms) = postSolution
		{C85C9FE7-99A4-495B-A6BD-D7E7EBF45307}.Debug|Any CPU.ActiveCfg = Debug|Any CPU
		{C85C9FE7-99A4-495B-A6BD-D7E7EBF45307}.Debug|Any CPU.Build.0 = Debug|Any CPU
		{C85C9FE7-99A4-495B-A6BD-D7E7EBF45307}.Release|Any CPU.ActiveCfg = Release|Any CPU
		{C85C9FE7-99A4-495B-A6BD-D7E7EBF45307}.Release|Any CPU.Build.0 = Release|Any CPU
		{9DB03027-9D55-4894-910A-94103C639616}.Debug|Any CPU.ActiveCfg = Debug|Any CPU
		{9DB03027-9D55-4894-910A-94103C639616}.Debug|Any CPU.Build.0 = Debug|Any CPU
		{9DB03027-9D55-4894-910A-94103C639616}.Release|Any CPU.ActiveCfg = Release|Any CPU
		{9DB03027-9D55-4894-910A-94103C639616}.Release|Any CPU.Build.0 = Release|Any CPU
		{F3C07B7A-58EA-47A5-9FE4-D548A9F07C4F}.Debug|Any CPU.ActiveCfg = Debug|Any CPU
		{F3C07B7A-58EA-47A5-9FE4-D548A9F07C4F}.Debug|Any CPU.Build.0 = Debug|Any CPU
		{F3C07B7A-58EA-47A5-9FE4-D548A9F07C4F}.Release|Any CPU.ActiveCfg = Release|Any CPU
		{F3C07B7A-58EA-47A5-9FE4-D548A9F07C4F}.Release|Any CPU.Build.0 = Release|Any CPU
	EndGlobalSection
EndGlobal
